{
  "lockfileVersion": 1,
  "configVersion": 1,
  "workspaces": {
    "": {
      "name": "bun-react-template",
      "dependencies": {
        "@tanstack/react-router": "^1.168.23",
        "dexie": "^4.4.2",
        "dexie-react-hooks": "^4.4.0",
        "react": "^19.2.5",
        "react-dom": "^19.2.5",
        "tailwindcss": "^4.2.2",
        "uniqolor": "^1.1.1",
        "usehooks-ts": "^3.1.1",
      },
      "devDependencies": {
        "@tanstack/react-router-devtools": "^1.166.13",
        "@types/bun": "latest",
        "@types/react": "^19.2.14",
        "@types/react-dom": "^19.2.3",
        "bun-plugin-tailwind": "^0.1.2",
      },
    },
  },
  "packages": {
    "@oven/bun-darwin-aarch64": ["@oven/bun-darwin-aarch64@1.3.13", "", { "os": "darwin", "cpu": "arm64" }, "sha512-qAS6Hg8Q14ckfBuqJ2Zh7gBQSVSUHeibSq4OFqBTv6DzyJuxYlr0sdYQzmYmnbPxbqobekqUDTa/4XEaqRi7vg=="],

    "@oven/bun-darwin-x64": ["@oven/bun-darwin-x64@1.3.13", "", { "os": "darwin", "cpu": "x64" }, "sha512-kGePeDD4IN4imo+H4uLjQGZLmvyYQg+nKr2P0nt4ksXXrWA4HE+mb0/TUPHfRI127DocXQpew+fvrHuHR5mpJQ=="],

    "@oven/bun-darwin-x64-baseline": ["@oven/bun-darwin-x64-baseline@1.3.13", "", { "os": "darwin", "cpu": "x64" }, "sha512-gMEQayUpmCPYaE9zkNBj9TiQqHupnhjOYcuSzxFjzIjHJBUO4VjNnrpbKVeXNs+rKHFothORDd2QKquu5paSPQ=="],

    "@oven/bun-linux-aarch64": ["@oven/bun-linux-aarch64@1.3.13", "", { "os": "linux", "cpu": "arm64" }, "sha512-NbLOJdr+RBFO1vFZ2YUFg4oVJ+2ua6zrwo4ZWRs0jKKcGJWtbY2wY5uz+i0PkwH6b9HYaYDgVTzE4ev06ncYZw=="],

    "@oven/bun-linux-aarch64-musl": ["@oven/bun-linux-aarch64-musl@1.3.13", "", { "os": "linux", "cpu": "arm64" }, "sha512-UV9EE18VE5aRhWtV2L6MTAGGn3slhJJ2OW/m+FJM15maHm0qf1V7TaZY0FovxhdQRvnklSiQ7Ntv0H5TUX4w0g=="],

    "@oven/bun-linux-x64": ["@oven/bun-linux-x64@1.3.13", "", { "os": "linux", "cpu": "x64" }, "sha512-UwttIUXoe9fS+40OcjoaRHgZw+HCPFqBVWEXkXqAJ3W7wA0XPZrWsoMAD9sGh3TaLqrwdiMo5xPogwpXhOtVXA=="],

    "@oven/bun-linux-x64-baseline": ["@oven/bun-linux-x64-baseline@1.3.13", "", { "os": "linux", "cpu": "x64" }, "sha512-fOi4ziKzgJG4UrrNd4AicBs6Fu9GY5xOqg+9tC76nuZNDAdSh6++kzab6TNi1Ck0Yzq6zIBIdGit6/0uSbBn8A=="],

    "@oven/bun-linux-x64-musl": ["@oven/bun-linux-x64-musl@1.3.13", "", { "os": "linux", "cpu": "x64" }, "sha512-+VHhE44kEjCXcTFHyc81zfTxL9+vzh9RqIh7gM1iWNhxpctD9kzntbUkP3UTFTwwNjoou1o8VRyxQafvc4OepA=="],

    "@oven/bun-linux-x64-musl-baseline": ["@oven/bun-linux-x64-musl-baseline@1.3.13", "", { "os": "linux", "cpu": "x64" }, "sha512-fqBKuiiWLEu2dVkowZaXgKS98xfrvBqivdoxRtRP3eINcpI1dcelGbsOz+Xphn7tbGAuBiE1/0AelvvvdqS9rg=="],

    "@oven/bun-windows-aarch64": ["@oven/bun-windows-aarch64@1.3.13", "", { "os": "win32", "cpu": "arm64" }, "sha512-+EvdRWRCRg95Xea4M2lqSJFTjzQBTJDQTMlbG8bmwFkVTN16MdmSH7xhfxVQWUOyZBLEpIwuNFIlBBxVCwSUyQ=="],

    "@oven/bun-windows-x64": ["@oven/bun-windows-x64@1.3.13", "", { "os": "win32", "cpu": "x64" }, "sha512-vqDEFX63ZZQF3YstPSpPD+RxNm5AILPdUuuKpNwsj7ld4NjhdHUYkAmLXDtKNWt9JMRL10bop//W8faY/LV+RQ=="],

    "@oven/bun-windows-x64-baseline": ["@oven/bun-windows-x64-baseline@1.3.13", "", { "os": "win32", "cpu": "x64" }, "sha512-6gy4hhQSjq/T/S9hC9m3NxY0RY+9Ww+XNlB+8koIMTsMSYEjk7Ho+hFHQz1Bn4W61Ub7Vykufg+jgDgPfa2GFA=="],

    "@tanstack/history": ["@tanstack/history@1.161.6", "", {}, "sha512-NaOGLRrddszbQj9upGat6HG/4TKvXLvu+osAIgfxPYA+eIvYKv8GKDJOrY2D3/U9MRnKfMWD7bU4jeD4xmqyIg=="],

    "@tanstack/react-router": ["@tanstack/react-router@1.168.23", "", { "dependencies": { "@tanstack/history": "1.161.6", "@tanstack/react-store": "^0.9.3", "@tanstack/router-core": "1.168.15", "isbot": "^5.1.22" }, "peerDependencies": { "react": ">=18.0.0 || >=19.0.0", "react-dom": ">=18.0.0 || >=19.0.0" } }, "sha512-+GblieDnutG6oipJJPNtRJjrWF8QTZEG/l0532+BngFkVK48oHNOcvIkSoAFYftK1egAwM7KBxXsb0Ou+X6/MQ=="],

    "@tanstack/react-router-devtools": ["@tanstack/react-router-devtools@1.166.13", "", { "dependencies": { "@tanstack/router-devtools-core": "1.167.3" }, "peerDependencies": { "@tanstack/react-router": "^1.168.15", "@tanstack/router-core": "^1.168.11", "react": ">=18.0.0 || >=19.0.0", "react-dom": ">=18.0.0 || >=19.0.0" }, "optionalPeers": ["@tanstack/router-core"] }, "sha512-6yKRFFJrEEOiGp5RAAuGCYsl81M4XAhJmLcu9PKj+HZle4A3dsP60lwHoqQYWHMK9nKKFkdXR+D8qxzxqtQbEA=="],

    "@tanstack/react-store": ["@tanstack/react-store@0.9.3", "", { "dependencies": { "@tanstack/store": "0.9.3", "use-sync-external-store": "^1.6.0" }, "peerDependencies": { "react": "^16.8.0 || ^17.0.0 || ^18.0.0 || ^19.0.0", "react-dom": "^16.8.0 || ^17.0.0 || ^18.0.0 || ^19.0.0" } }, "sha512-y2iHd/N9OkoQbFJLUX1T9vbc2O9tjH0pQRgTcx1/Nz4IlwLvkgpuglXUx+mXt0g5ZDFrEeDnONPqkbfxXJKwRg=="],

    "@tanstack/router-core": ["@tanstack/router-core@1.168.15", "", { "dependencies": { "@tanstack/history": "1.161.6", "cookie-es": "^3.0.0", "seroval": "^1.5.0", "seroval-plugins": "^1.5.0" }, "bin": { "intent": "bin/intent.js" } }, "sha512-Wr0424NDtD8fT/uALobMZ9DdcfsTyXtW5IPR++7zvW8/7RaIOeaqXpVDId8ywaGtqPWLWOfaUg2zUtYtukoXYA=="],

    "@tanstack/router-devtools-core": ["@tanstack/router-devtools-core@1.167.3", "", { "dependencies": { "clsx": "^2.1.1", "goober": "^2.1.16" }, "peerDependencies": { "@tanstack/router-core": "^1.168.11", "csstype": "^3.0.10" }, "optionalPeers": ["csstype"] }, "sha512-fJ1VMhyQgnoashTrP763c2HRc9kofgF61L7Jb3F6eTHAmCKtGVx8BRtiFt37sr3U0P0jmaaiiSPGP6nT5JtVNg=="],

    "@tanstack/store": ["@tanstack/store@0.9.3", "", {}, "sha512-8reSzl/qGWGGVKhBoxXPMWzATSbZLZFWhwBAFO9NAyp0TxzfBP0mIrGb8CP8KrQTmvzXlR/vFPPUrHTLBGyFyw=="],

    "@types/bun": ["@types/bun@1.3.13", "", { "dependencies": { "bun-types": "1.3.13" } }, "sha512-9fqXWk5YIHGGnUau9TEi+qdlTYDAnOj+xLCmSTwXfAIqXr2x4tytJb43E9uCvt09zJURKXwAtkoH4nLQfzeTXw=="],

    "@types/node": ["@types/node@25.6.0", "", { "dependencies": { "undici-types": "~7.19.0" } }, "sha512-+qIYRKdNYJwY3vRCZMdJbPLJAtGjQBudzZzdzwQYkEPQd+PJGixUL5QfvCLDaULoLv+RhT3LDkwEfKaAkgSmNQ=="],

    "@types/react": ["@types/react@19.2.14", "", { "dependencies": { "csstype": "^3.2.2" } }, "sha512-ilcTH/UniCkMdtexkoCN0bI7pMcJDvmQFPvuPvmEaYA/NSfFTAgdUSLAoVjaRJm7+6PvcM+q1zYOwS4wTYMF9w=="],

    "@types/react-dom": ["@types/react-dom@19.2.3", "", { "peerDependencies": { "@types/react": "^19.2.0" } }, "sha512-jp2L/eY6fn+KgVVQAOqYItbF0VY/YApe5Mz2F0aykSO8gx31bYCZyvSeYxCHKvzHG5eZjc+zyaS5BrBWya2+kQ=="],

    "bun": ["bun@1.3.13", "", { "optionalDependencies": { "@oven/bun-darwin-aarch64": "1.3.13", "@oven/bun-darwin-x64": "1.3.13", "@oven/bun-darwin-x64-baseline": "1.3.13", "@oven/bun-linux-aarch64": "1.3.13", "@oven/bun-linux-aarch64-musl": "1.3.13", "@oven/bun-linux-x64": "1.3.13", "@oven/bun-linux-x64-baseline": "1.3.13", "@oven/bun-linux-x64-musl": "1.3.13", "@oven/bun-linux-x64-musl-baseline": "1.3.13", "@oven/bun-windows-aarch64": "1.3.13", "@oven/bun-windows-x64": "1.3.13", "@oven/bun-windows-x64-baseline": "1.3.13" }, "os": [ "linux", "win32", "darwin", ], "cpu": [ "x64", "arm64", ], "bin": { "bun": "bin/bun.exe", "bunx": "bin/bunx.exe" } }, "sha512-b9T4xZ8KqCHs4+TkHJv540LG1B8OD7noKu0Qaizusx3jFtMDHY6osNqgbaOlwW2B8RB2AKzz+sjzlGKIGxIjZw=="],

    "bun-plugin-tailwind": ["bun-plugin-tailwind@0.1.2", "", { "peerDependencies": { "bun": ">=1.0.0" } }, "sha512-41jNC1tZRSK3s1o7pTNrLuQG8kL/0vR/JgiTmZAJ1eHwe0w5j6HFPKeqEk0WAD13jfrUC7+ULuewFBBCoADPpg=="],

    "bun-types": ["bun-types@1.3.13", "", { "dependencies": { "@types/node": "*" } }, "sha512-QXKeHLlOLqQX9LgYaHJfzdBaV21T63HhFJnvuRCcjZiaUDpbs5ED1MgxbMra71CsryN/1dAoXuJJJwIv/2drVA=="],

    "clsx": ["clsx@2.1.1", "", {}, "sha512-eYm0QWBtUrBWZWG0d386OGAw16Z995PiOVo2B7bjWSbHedGl5e0ZWaq65kOGgUSNesEIDkB9ISbTg/JK9dhCZA=="],

    "cookie-es": ["cookie-es@3.1.1", "", {}, "sha512-UaXxwISYJPTr9hwQxMFYZ7kNhSXboMXP+Z3TRX6f1/NyaGPfuNUZOWP1pUEb75B2HjfklIYLVRfWiFZJyC6Npg=="],

    "csstype": ["csstype@3.2.3", "", {}, "sha512-z1HGKcYy2xA8AGQfwrn0PAy+PB7X/GSj3UVJW9qKyn43xWa+gl5nXmU4qqLMRzWVLFC8KusUX8T/0kCiOYpAIQ=="],

    "dexie": ["dexie@4.4.2", "", {}, "sha512-zMtV8q79EFE5U8FKZvt0Y/77PCU/Hr/RDxv1EDeo228L+m/HTbeN2AjoQm674rhQCX8n3ljK87lajt7UQuZfvw=="],

    "dexie-react-hooks": ["dexie-react-hooks@4.4.0", "", { "peerDependencies": { "dexie": ">=4.2.0-alpha.1 <5.0.0", "react": ">=16" } }, "sha512-ObLXBS5+4BJU8vtSvBx6b9fY6zZYgniAtwxzjCHsUQadgbqYN6935X2/1TWw4Rf2N1aZV1io5/ziox4vKuxABA=="],

    "goober": ["goober@2.1.18", "", { "peerDependencies": { "csstype": "^3.0.10" } }, "sha512-2vFqsaDVIT9Gz7N6kAL++pLpp41l3PfDuusHcjnGLfR6+huZkl6ziX+zgVC3ZxpqWhzH6pyDdGrCeDhMIvwaxw=="],

    "isbot": ["isbot@5.1.39", "", {}, "sha512-obH0yYahGXdzNxo+djmHhBYThUKDkz565cxkIlt2L9hXfv1NlaLKoDBHo6KxXsYrIXx2RK3x5vY36CfZcobxEw=="],

    "lodash.debounce": ["lodash.debounce@4.0.8", "", {}, "sha512-FT1yDzDYEoYWhnSGnpE/4Kj1fLZkDFyqRb7fNt6FdYOSxlUWAtp42Eh6Wb0rGIv/m9Bgo7x4GhQbm5Ys4SG5ow=="],

    "react": ["react@19.2.5", "", {}, "sha512-llUJLzz1zTUBrskt2pwZgLq59AemifIftw4aB7JxOqf1HY2FDaGDxgwpAPVzHU1kdWabH7FauP4i1oEeer2WCA=="],

    "react-dom": ["react-dom@19.2.5", "", { "dependencies": { "scheduler": "^0.27.0" }, "peerDependencies": { "react": "^19.2.5" } }, "sha512-J5bAZz+DXMMwW/wV3xzKke59Af6CHY7G4uYLN1OvBcKEsWOs4pQExj86BBKamxl/Ik5bx9whOrvBlSDfWzgSag=="],

    "scheduler": ["scheduler@0.27.0", "", {}, "sha512-eNv+WrVbKu1f3vbYJT/xtiF5syA5HPIMtf9IgY/nKg0sWqzAUEvqY/xm7OcZc/qafLx/iO9FgOmeSAp4v5ti/Q=="],

    "seroval": ["seroval@1.5.2", "", {}, "sha512-xcRN39BdsnO9Tf+VzsE7b3JyTJASItIV1FVFewJKCFcW4s4haIKS3e6vj8PGB9qBwC7tnuOywQMdv5N4qkzi7Q=="],

    "seroval-plugins": ["seroval-plugins@1.5.2", "", { "peerDependencies": { "seroval": "^1.0" } }, "sha512-qpY0Cl+fKYFn4GOf3cMiq6l72CpuVaawb6ILjubOQ+diJ54LfOWaSSPsaswN8DRPIPW4Yq+tE1k5aKd7ILyaFg=="],

    "tailwindcss": ["tailwindcss@4.2.4", "", {}, "sha512-HhKppgO81FQof5m6TEnuBWCZGgfRAWbaeOaGT00KOy/Pf/j6oUihdvBpA7ltCeAvZpFhW3j0PTclkxsd4IXYDA=="],

    "undici-types": ["undici-types@7.19.2", "", {}, "sha512-qYVnV5OEm2AW8cJMCpdV20CDyaN3g0AjDlOGf1OW4iaDEx8MwdtChUp4zu4H0VP3nDRF/8RKWH+IPp9uW0YGZg=="],

    "uniqolor": ["uniqolor@1.1.1", "", {}, "sha512-HUwezlXCwm5bzsEXW7AP7ybezH13uWENRgYT+3dOdhJPvpYucSqvIGckMiLn+Uy2j0NVf3fPp43uZ4aun3t4Ww=="],

    "use-sync-external-store": ["use-sync-external-store@1.6.0", "", { "peerDependencies": { "react": "^16.8.0 || ^17.0.0 || ^18.0.0 || ^19.0.0" } }, "sha512-Pp6GSwGP/NrPIrxVFAIkOQeyw8lFenOHijQWkUTrDvrF4ALqylP2C/KCkeS9dpUM3KvYRQhna5vt7IL95+ZQ9w=="],

    "usehooks-ts": ["usehooks-ts@3.1.1", "", { "dependencies": { "lodash.debounce": "^4.0.8" }, "peerDependencies": { "react": "^16.8.0  || ^17 || ^18 || ^19 || ^19.0.0-rc" } }, "sha512-I4diPp9Cq6ieSUH2wu+fDAVQO43xwtulo+fKEidHUwZPnYImbtkTjzIJYcDcJqxgmX31GVqNFURodvcgHcW0pA=="],
  }
}
